
Microsoft Visual Studio Solution File, Format Version 12.00
# Visual Studio Version 16
VisualStudioVersion = 16.0.29806.167
MinimumVisualStudioVersion = 10.0.40219.1
Project("{FAE04EC0-301F-11D3-BF4B-00C04F79EFBC}") = "TP1prakPBO", "TP1prakPBO\TP1prakPBO.csproj", "{7B8FCB94-17F1-4D7E-89EF-7A0ABC63717A}"
EndProject
Global
	GlobalSection(SolutionConfigurationPlatforms) = preSolution
		Debug|Any CPU = Debug|Any CPU
		Release|Any CPU = Release|Any CPU
	EndGlobalSection
	GlobalSection(ProjectConfigurationPlatforms) = postSolution
		{7B8FCB94-17F1-4D7E-89EF-7A0ABC63717A}.Debug|Any CPU.ActiveCfg = Debug|Any CPU
		{7B8FCB94-17F1-4D7E-89EF-7A0ABC63717A}.Debug|Any CPU.Build.0 = Debug|Any CPU
		{7B8FCB94-17F1-4D7E-89EF-7A0ABC63717A}.Release|Any CPU.ActiveCfg = Release|Any CPU
		{7B8FCB94-17F1-4D7E-89EF-7A0ABC63717A}.Release|Any CPU.Build.0 = Release|Any CPU
	EndGlobalSection
	GlobalSection(SolutionProperties) = preSolution
		HideSolutionNode = FALSE
	EndGlobalSection
	GlobalSection(ExtensibilityGlobals) = postSolution
		SolutionGuid = {DA54FDFE-00BC-4C3F-83BE-A239ADC4CEB2}
	EndGlobalSection
EndGlobal
